{
  "name": "jalsa-map-project",
  "lockfileVersion": 3,
  "requires": true,
  "packages": {
    "": {
      "dependencies": {
        "proj4": "^2.19.3"
      },
      "devDependencies": {
        "@types/proj4": "^2.5.6"
      }
    },
    "node_modules/@petamoriken/float16": {
      "version": "3.9.2",
      "resolved": "https://registry.npmjs.org/@petamoriken/float16/-/float16-3.9.2.tgz",
      "integrity": "sha512-VgffxawQde93xKxT3qap3OH+meZf7VaSB5Sqd4Rqc+FP5alWbpOyan/7tRbOAvynjpG3GpdtAuGU/NdhQpmrog==",
      "license": "MIT",
      "peer": true
    },
    "node_modules/@types/proj4": {
      "version": "2.5.6",
      "resolved": "https://registry.npmjs.org/@types/proj4/-/proj4-2.5.6.tgz",
      "integrity": "sha512-zfMrPy9fx+8DchqM0kIUGeu2tTVB5ApO1KGAYcSGFS8GoqRIkyL41xq2yCx/iV3sOLzo7v4hEgViSLTiPI1L0w==",
      "dev": true,
      "license": "MIT"
    },
    "node_modules/geotiff": {
      "version": "2.1.4-beta.0",
      "resolved": "https://registry.npmjs.org/geotiff/-/geotiff-2.1.4-beta.0.tgz",
      "integrity": "sha512-jb6SYvHMyiCqwqgGGLDAxtig9h1g6O+n1wEyNEE4QgVEXOItYaWrEgPg9SAnwdoZm2yx6DpFtilbGG65hvZgpQ==",
      "license": "MIT",
      "peer": true,
      "dependencies": {
        "@petamoriken/float16": "^3.4.7",
        "lerc": "^3.0.0",
        "pako": "^2.0.4",
        "parse-headers": "^2.0.2",
        "quick-lru": "^6.1.1",
        "web-worker": "^1.5.0",
        "xml-utils": "^1.10.2",
        "zstddec": "^0.2.0-alpha.3"
      },
      "engines": {
        "node": ">=10.19"
      }
    },
    "node_modules/lerc": {
      "version": "3.0.0",
      "resolved": "https://registry.npmjs.org/lerc/-/lerc-3.0.0.tgz",
      "integrity": "sha512-Rm4J/WaHhRa93nCN2mwWDZFoRVF18G1f47C+kvQWyHGEZxFpTUi73p7lMVSAndyxGt6lJ2/CFbOcf9ra5p8aww==",
      "license": "Apache-2.0",
      "peer": true
    },
    "node_modules/mgrs": {
      "version": "1.0.0",
      "resolved": "https://registry.npmjs.org/mgrs/-/mgrs-1.0.0.tgz",
      "integrity": "sha512-awNbTOqCxK1DBGjalK3xqWIstBZgN6fxsMSiXLs9/spqWkF2pAhb2rrYCFSsr1/tT7PhcDGjZndG8SWYn0byYA==",
      "license": "MIT"
    },
    "node_modules/pako": {
      "version": "2.1.0",
      "resolved": "https://registry.npmjs.org/pako/-/pako-2.1.0.tgz",
      "integrity": "sha512-w+eufiZ1WuJYgPXbV/PO3NCMEc3xqylkKHzp8bxp1uW4qaSNQUkwmLLEc3kKsfz8lpV1F8Ht3U1Cm+9Srog2ug==",
      "license": "(MIT AND Zlib)",
      "peer": true
    },
    "node_modules/parse-headers": {
      "version": "2.0.6",
      "resolved": "https://registry.npmjs.org/parse-headers/-/parse-headers-2.0.6.tgz",
      "integrity": "sha512-Tz11t3uKztEW5FEVZnj1ox8GKblWn+PvHY9TmJV5Mll2uHEwRdR/5Li1OlXoECjLYkApdhWy44ocONwXLiKO5A==",
      "license": "MIT",
      "peer": true
    },
    "node_modules/proj4": {
      "version": "2.19.3",
      "resolved": "https://registry.npmjs.org/proj4/-/proj4-2.19.3.tgz",
      "integrity": "sha512-sXMnThBbpAzYqYLtKDOzmLGvvfFAv+VIJKKDOUied/xWVeVPKi0pwDFUHnLD4OysbIR1lF4aYO5J4LhJxgKMGw==",
      "license": "MIT",
      "dependencies": {
        "mgrs": "1.0.0",
        "wkt-parser": "^1.5.1"
      },
      "funding": {
        "url": "https://github.com/sponsors/ahocevar"
      },
      "peerDependencies": {
        "geotiff": "*"
      }
    },
    "node_modules/quick-lru": {
      "version": "6.1.2",
      "resolved": "https://registry.npmjs.org/quick-lru/-/quick-lru-6.1.2.tgz",
      "integrity": "sha512-AAFUA5O1d83pIHEhJwWCq/RQcRukCkn/NSm2QsTEMle5f2hP0ChI2+3Xb051PZCkLryI/Ir1MVKviT2FIloaTQ==",
      "license": "MIT",
      "peer": true,
      "engines": {
        "node": ">=12"
      },
      "funding": {
        "url": "https://github.com/sponsors/sindresorhus"
      }
    },
    "node_modules/web-worker": {
      "version": "1.5.0",
      "resolved": "https://registry.npmjs.org/web-worker/-/web-worker-1.5.0.tgz",
      "integrity": "sha512-RiMReJrTAiA+mBjGONMnjVDP2u3p9R1vkcGz6gDIrOMT3oGuYwX2WRMYI9ipkphSuE5XKEhydbhNEJh4NY9mlw==",
      "license": "Apache-2.0",
      "peer": true
    },
    "node_modules/wkt-parser": {
      "version": "1.5.2",
      "resolved": "https://registry.npmjs.org/wkt-parser/-/wkt-parser-1.5.2.tgz",
      "integrity": "sha512-1ZUiV1FTwSiSrgWzV9KXJuOF2BVW91KY/mau04BhnmgOdroRQea7Q0s5TVqwGLm0D2tZwObd/tBYXW49sSxp3Q==",
      "license": "MIT"
    },
    "node_modules/xml-utils": {
      "version": "1.10.2",
      "resolved": "https://registry.npmjs.org/xml-utils/-/xml-utils-1.10.2.tgz",
      "integrity": "sha512-RqM+2o1RYs6T8+3DzDSoTRAUfrvaejbVHcp3+thnAtDKo8LskR+HomLajEy5UjTz24rpka7AxVBRR3g2wTUkJA==",
      "license": "CC0-1.0",
      "peer": true
    },
    "node_modules/zstddec": {
      "version": "0.2.0-alpha.3",
      "resolved": "https://registry.npmjs.org/zstddec/-/zstddec-0.2.0-alpha.3.tgz",
      "integrity": "sha512-uHyE3TN8jRFOaMVwdhERfrcaabyoUUawIRDKXE6x0nCU7mzyIZO0LndJ3AtVUiKLF0lC+8F5bMSySWEF586PSA==",
      "license": "MIT AND BSD-3-Clause",
      "peer": true
    }
  }
}
